
Microsoft Visual Studio Solution File, Format Version 12.00
# Visual Studio Version 16
VisualStudioVersion = 16.0.29613.14
MinimumVisualStudioVersion = 10.0.40219.1
Project("{FAE04EC0-301F-11D3-BF4B-00C04F79EFBC}") = "ConsoleApp1", "ConsoleApp1\ConsoleApp1.csproj", "{60699523-3099-4E83-90C5-CE88EFD4834E}"
EndProject
Global
	GlobalSection(SolutionConfigurationPlatforms) = preSolution
		Debug|Any CPU = Debug|Any CPU
		Release|Any CPU = Release|Any CPU
	EndGlobalSection
	GlobalSection(ProjectConfigurationPlatforms) = postSolution
		{60699523-3099-4E83-90C5-CE88EFD4834E}.Debug|Any CPU.ActiveCfg = Debug|Any CPU
		{60699523-3099-4E83-90C5-CE88EFD4834E}.Debug|Any CPU.Build.0 = Debug|Any CPU
		{60699523-3099-4E83-90C5-CE88EFD4834E}.Release|Any CPU.ActiveCfg = Release|Any CPU
		{60699523-3099-4E83-90C5-CE88EFD4834E}.Release|Any CPU.Build.0 = Release|Any CPU
	EndGlobalSection
	GlobalSection(SolutionProperties) = preSolution
		HideSolutionNode = FALSE
	EndGlobalSection
	GlobalSection(ExtensibilityGlobals) = postSolution
		SolutionGuid = {0A46BA1C-6D1E-4C7E-A246-BFD6B9FB1B38}
	EndGlobalSection
EndGlobal
